
Microsoft Visual Studio Solution File, Format Version 12.00
# Visual Studio Version 17
VisualStudioVersion = 17.3.32929.385
MinimumVisualStudioVersion = 10.0.40219.1
Project("{9A19103F-16F7-4668-BE54-9A1E7A4F7556}") = "AdvertApi.Data", "AdvertApi.Data\AdvertApi.Data.csproj", "{31704A0E-57EE-4CE2-8342-81BF2F8E72B8}"
EndProject
Project("{9A19103F-16F7-4668-BE54-9A1E7A4F7556}") = "WebAdvert.AdvertApi", "WebAdvert.AdvertApi\WebAdvert.AdvertApi.csproj", "{7A842017-7576-44E7-8E61-F42A2DE39FF2}"
EndProject
Global
	GlobalSection(SolutionConfigurationPlatforms) = preSolution
		Debug|Any CPU = Debug|Any CPU
		Release|Any CPU = Release|Any CPU
	EndGlobalSection
	GlobalSection(ProjectConfigurationPlatforms) = postSolution
		{31704A0E-57EE-4CE2-8342-81BF2F8E72B8}.Debug|Any CPU.ActiveCfg = Debug|Any CPU
		{31704A0E-57EE-4CE2-8342-81BF2F8E72B8}.Debug|Any CPU.Build.0 = Debug|Any CPU
		{31704A0E-57EE-4CE2-8342-81BF2F8E72B8}.Release|Any CPU.ActiveCfg = Release|Any CPU
		{31704A0E-57EE-4CE2-8342-81BF2F8E72B8}.Release|Any CPU.Build.0 = Release|Any CPU
		{7A842017-7576-44E7-8E61-F42A2DE39FF2}.Debug|Any CPU.ActiveCfg = Debug|Any CPU
		{7A842017-7576-44E7-8E61-F42A2DE39FF2}.Debug|Any CPU.Build.0 = Debug|Any CPU
		{7A842017-7576-44E7-8E61-F42A2DE39FF2}.Release|Any CPU.ActiveCfg = Release|Any CPU
		{7A842017-7576-44E7-8E61-F42A2DE39FF2}.Release|Any CPU.Build.0 = Release|Any CPU
	EndGlobalSection
	GlobalSection(SolutionProperties) = preSolution
		HideSolutionNode = FALSE
	EndGlobalSection
	GlobalSection(ExtensibilityGlobals) = postSolution
		SolutionGuid = {858D51E4-2CFB-461A-B573-12EC65138219}
	EndGlobalSection
EndGlobal
